// !$*UTF8*$!
{
	archiveVersion = 1;
	classes = {
	};
	objectVersion = 50;
	objects = {

/* Begin PBXBuildFile section */
		013F8A7D2838AAA300116D93 /* AppDelegate.swift in Sources */ = {isa = PBXBuildFile; fileRef = 013F8A7C2838AAA300116D93 /* AppDelegate.swift */; };
		013F8A7F2838AAA300116D93 /* ViewController.swift in Sources */ = {isa = PBXBuildFile; fileRef = 013F8A7E2838AAA300116D93 /* ViewController.swift */; };
		013F8A852838AAA400116D93 /* ScifferiOS_app.xcdatamodeld in Sources */ = {isa = PBXBuildFile; fileRef = 013F8A832838AAA400116D93 /* ScifferiOS_app.xcdatamodeld */; };
		013F8A872838AAB900116D93 /* Assets.xcassets in Resources */ = {isa = PBXBuildFile; fileRef = 013F8A862838AAB900116D93 /* Assets.xcassets */; };
		013F8A8A2838AAB900116D93 /* LaunchScreen.storyboard in Resources */ = {isa = PBXBuildFile; fileRef = 013F8A882838AAB900116D93 /* LaunchScreen.storyboard */; };
		01B4021A2838F359001D9EFA /* Main.storyboard in Resources */ = {isa = PBXBuildFile; fileRef = 01B402192838F359001D9EFA /* Main.storyboard */; };
		01B4021C2838F472001D9EFA /* MovieDataTableViewCell.swift in Sources */ = {isa = PBXBuildFile; fileRef = 01B4021B2838F472001D9EFA /* MovieDataTableViewCell.swift */; };
/* End PBXBuildFile section */

/* Begin PBXFileReference section */
		013F8A792838AAA300116D93 /* ScifferiOS_app.app */ = {isa = PBXFileReference; explicitFileType = wrapper.application; includeInIndex = 0; path = ScifferiOS_app.app; sourceTree = BUILT_PRODUCTS_DIR; };
		013F8A7C2838AAA300116D93 /* AppDelegate.swift */ = {isa = PBXFileReference; lastKnownFileType = sourcecode.swift; path = AppDelegate.swift; sourceTree = "<group>"; };
		013F8A7E2838AAA300116D93 /* ViewController.swift */ = {isa = PBXFileReference; lastKnownFileType = sourcecode.swift; path = ViewController.swift; sourceTree = "<group>"; };
		013F8A842838AAA400116D93 /* ScifferiOS_app.xcdatamodel */ = {isa = PBXFileReference; lastKnownFileType = wrapper.xcdatamodel; path = ScifferiOS_app.xcdatamodel; sourceTree = "<group>"; };
		013F8A862838AAB900116D93 /* Assets.xcassets */ = {isa = PBXFileReference; lastKnownFileType = folder.assetcatalog; path = Assets.xcassets; sourceTree = "<group>"; };
		013F8A892838AAB900116D93 /* Base */ = {isa = PBXFileReference; lastKnownFileType = file.storyboard; name = Base; path = Base.lproj/LaunchScreen.storyboard; sourceTree = "<group>"; };
		013F8A8B2838AAB900116D93 /* Info.plist */ = {isa = PBXFileReference; lastKnownFileType = text.plist.xml; path = Info.plist; sourceTree = "<group>"; };
		01B402192838F359001D9EFA /* Main.storyboard */ = {isa = PBXFileReference; fileEncoding = 4; lastKnownFileType = file.storyboard; path = Main.storyboard; sourceTree = "<group>"; };
		01B4021B2838F472001D9EFA /* MovieDataTableViewCell.swift */ = {isa = PBXFileReference; lastKnownFileType = sourcecode.swift; path = MovieDataTableViewCell.swift; sourceTree = "<group>"; };
/* End PBXFileReference section */

/* Begin PBXFrameworksBuildPhase section */
		013F8A762838AAA300116D93 /* Frameworks */ = {
			isa = PBXFrameworksBuildPhase;
			buildActionMask = 2147483647;
			files = (
			);
			runOnlyForDeploymentPostprocessing = 0;
		};
/* End PBXFrameworksBuildPhase section */

/* Begin PBXGroup section */
		013F8A702838AAA200116D93 = {
			isa = PBXGroup;
			children = (
				013F8A7B2838AAA300116D93 /* ScifferiOS_app */,
				013F8A7A2838AAA300116D93 /* Products */,
			);
			sourceTree = "<group>";
		};
		013F8A7A2838AAA300116D93 /* Products */ = {
			isa = PBXGroup;
			children = (
				013F8A792838AAA300116D93 /* ScifferiOS_app.app */,
			);
			name = Products;
			sourceTree = "<group>";
		};
		013F8A7B2838AAA300116D93 /* ScifferiOS_app */ = {
			isa = PBXGroup;
			children = (
				013F8A7C2838AAA300116D93 /* AppDelegate.swift */,
				013F8A7E2838AAA300116D93 /* ViewController.swift */,
				01B402192838F359001D9EFA /* Main.storyboard */,
				01B4021B2838F472001D9EFA /* MovieDataTableViewCell.swift */,
				013F8A862838AAB900116D93 /* Assets.xcassets */,
				013F8A882838AAB900116D93 /* LaunchScreen.storyboard */,
				013F8A8B2838AAB900116D93 /* Info.plist */,
				013F8A832838AAA400116D93 /* ScifferiOS_app.xcdatamodeld */,
			);
			path = ScifferiOS_app;
			sourceTree = "<group>";
		};
/* End PBXGroup section */

/* Begin PBXNativeTarget section */
		013F8A782838AAA300116D93 /* ScifferiOS_app */ = {
			isa = PBXNativeTarget;
			buildConfigurationList = 013F8A8E2838AAB900116D93 /* Build configuration list for PBXNativeTarget "ScifferiOS_app" */;
			buildPhases = (
				013F8A752838AAA300116D93 /* Sources */,
				013F8A762838AAA300116D93 /* Frameworks */,
				013F8A772838AAA300116D93 /* Resources */,
			);
			buildRules = (
			);
			dependencies = (
			);
			name = ScifferiOS_app;
			productName = ScifferiOS_app;
			productReference = 013F8A792838AAA300116D93 /* ScifferiOS_app.app */;
			productType = "com.apple.product-type.application";
		};
/* End PBXNativeTarget section */

/* Begin PBXProject section */
		013F8A712838AAA200116D93 /* Project object */ = {
			isa = PBXProject;
			attributes = {
				LastSwiftUpdateCheck = 1010;
				LastUpgradeCheck = 1010;
				ORGANIZATIONNAME = "Felix IT";
				TargetAttributes = {
					013F8A782838AAA300116D93 = {
						CreatedOnToolsVersion = 10.1;
					};
				};
			};
			buildConfigurationList = 013F8A742838AAA200116D93 /* Build configuration list for PBXProject "ScifferiOS_app" */;
			compatibilityVersion = "Xcode 9.3";
			developmentRegion = en;
			hasScannedForEncodings = 0;
			knownRegions = (
				en,
				Base,
			);
			mainGroup = 013F8A702838AAA200116D93;
			productRefGroup = 013F8A7A2838AAA300116D93 /* Products */;
			projectDirPath = "";
			projectRoot = "";
			targets = (
				013F8A782838AAA300116D93 /* ScifferiOS_app */,
			);
		};
/* End PBXProject section */

/* Begin PBXResourcesBuildPhase section */
		013F8A772838AAA300116D93 /* Resources */ = {
			isa = PBXResourcesBuildPhase;
			buildActionMask = 2147483647;
			files = (
				01B4021A2838F359001D9EFA /* Main.storyboard in Resources */,
				013F8A8A2838AAB900116D93 /* LaunchScreen.storyboard in Resources */,
				013F8A872838AAB900116D93 /* Assets.xcassets in Resources */,
			);
			runOnlyForDeploymentPostprocessing = 0;
		};
/* End PBXResourcesBuildPhase section */

/* Begin PBXSourcesBuildPhase section */
		013F8A752838AAA300116D93 /* Sources */ = {
			isa = PBXSourcesBuildPhase;
			buildActionMask = 2147483647;
			files = (
				01B4021C2838F472001D9EFA /* MovieDataTableViewCell.swift in Sources */,
				013F8A7F2838AAA300116D93 /* ViewController.swift in Sources */,
				013F8A852838AAA400116D93 /* ScifferiOS_app.xcdatamodeld in Sources */,
				013F8A7D2838AAA300116D93 /* AppDelegate.swift in Sources */,
			);
			runOnlyForDeploymentPostprocessing = 0;
		};
/* End PBXSourcesBuildPhase section */

/* Begin PBXVariantGroup section */
		013F8A882838AAB900116D93 /* LaunchScreen.storyboard */ = {
			isa = PBXVariantGroup;
			children = (
				013F8A892838AAB900116D93 /* Base */,
			);
			name = LaunchScreen.storyboard;
			sourceTree = "<group>";
		};
/* End PBXVariantGroup section */

/* Begin XCBuildConfiguration section */
		013F8A8C2838AAB900116D93 /* Debug */ = {
			isa = XCBuildConfiguration;
			buildSettings = {
				ALWAYS_SEARCH_USER_PATHS = NO;
				CLANG_ANALYZER_NONNULL = YES;
				CLANG_ANALYZER_NUMBER_OBJECT_CONVERSION = YES_AGGRESSIVE;
				CLANG_CXX_LANGUAGE_STANDARD = "gnu++14";
				CLANG_CXX_LIBRARY = "libc++";
				CLANG_ENABLE_MODULES = YES;
				CLANG_ENABLE_OBJC_ARC = YES;
				CLANG_ENABLE_OBJC_WEAK = YES;
				CLANG_WARN_BLOCK_CAPTURE_AUTORELEASING = YES;
				CLANG_WARN_BOOL_CONVERSION = YES;
				CLANG_WARN_COMMA = YES;
				CLANG_WARN_CONSTANT_CONVERSION = YES;
				CLANG_WARN_DEPRECATED_OBJC_IMPLEMENTATIONS = YES;
				CLANG_WARN_DIRECT_OBJC_ISA_USAGE = YES_ERROR;
				CLANG_WARN_DOCUMENTATION_COMMENTS = YES;
				CLANG_WARN_EMPTY_BODY = YES;
				CLANG_WARN_ENUM_CONVERSION = YES;
				CLANG_WARN_INFINITE_RECURSION = YES;
				CLANG_WARN_INT_CONVERSION = YES;
				CLANG_WARN_NON_LITERAL_NULL_CONVERSION = YES;
				CLANG_WARN_OBJC_IMPLICIT_RETAIN_SELF = YES;
				CLANG_WARN_OBJC_LITERAL_CONVERSION = YES;
				CLANG_WARN_OBJC_ROOT_CLASS = YES_ERROR;
				CLANG_WARN_RANGE_LOOP_ANALYSIS = YES;
				CLANG_WARN_STRICT_PROTOTYPES = YES;
				CLANG_WARN_SUSPICIOUS_MOVE = YES;
				CLANG_WARN_UNGUARDED_AVAILABILITY = YES_AGGRESSIVE;
				CLANG_WARN_UNREACHABLE_CODE = YES;
				CLANG_WARN__DUPLICATE_METHOD_MATCH = YES;
				CODE_SIGN_IDENTITY = "iPhone Developer";
				COPY_PHASE_STRIP = NO;
				DEBUG_INFORMATION_FORMAT = dwarf;
				ENABLE_STRICT_OBJC_MSGSEND = YES;
				ENABLE_TESTABILITY = YES;
				GCC_C_LANGUAGE_STANDARD = gnu11;
				GCC_DYNAMIC_NO_PIC = NO;
				GCC_NO_COMMON_BLOCKS = YES;
				GCC_OPTIMIZATION_LEVEL = 0;
				GCC_PREPROCESSOR_DEFINITIONS = (
					"DEBUG=1",
					"$(inherited)",
				);
				GCC_WARN_64_TO_32_BIT_CONVERSION = YES;
				GCC_WARN_ABOUT_RETURN_TYPE = YES_ERROR;
				GCC_WARN_UNDECLARED_SELECTOR = YES;
				GCC_WARN_UNINITIALIZED_AUTOS = YES_AGGRESSIVE;
				GCC_WARN_UNUSED_FUNCTION = YES;
				GCC_WARN_UNUSED_VARIABLE = YES;
				IPHONEOS_DEPLOYMENT_TARGET = 12.1;
				MTL_ENABLE_DEBUG_INFO = INCLUDE_SOURCE;
				MTL_FAST_MATH = YES;
				ONLY_ACTIVE_ARCH = YES;
				SDKROOT = iphoneos;
				SWIFT_ACTIVE_COMPILATION_CONDITIONS = DEBUG;
				SWIFT_OPTIMIZATION_LEVEL = "-Onone";
			};
			name = Debug;
		};
		013F8A8D2838AAB900116D93 /* Release */ = {
			isa = XCBuildConfiguration;
			buildSettings = {
				ALWAYS_SEARCH_USER_PATHS = NO;
				CLANG_ANALYZER_NONNULL = YES;
				CLANG_ANALYZER_NUMBER_OBJECT_CONVERSION = YES_AGGRESSIVE;
				CLANG_CXX_LANGUAGE_STANDARD = "gnu++14";
				CLANG_CXX_LIBRARY = "libc++";
				CLANG_ENABLE_MODULES = YES;
				CLANG_ENABLE_OBJC_ARC = YES;
				CLANG_ENABLE_OBJC_WEAK = YES;
				CLANG_WARN_BLOCK_CAPTURE_AUTORELEASING = YES;
				CLANG_WARN_BOOL_CONVERSION = YES;
				CLANG_WARN_COMMA = YES;
				CLANG_WARN_CONSTANT_CONVERSION = YES;
				CLANG_WARN_DEPRECATED_OBJC_IMPLEMENTATIONS = YES;
				CLANG_WARN_DIRECT_OBJC_ISA_USAGE = YES_ERROR;
				CLANG_WARN_DOCUMENTATION_COMMENTS = YES;
				CLANG_WARN_EMPTY_BODY = YES;
				CLANG_WARN_ENUM_CONVERSION = YES;
				CLANG_WARN_INFINITE_RECURSION = YES;
				CLANG_WARN_INT_CONVERSION = YES;
				CLANG_WARN_NON_LITERAL_NULL_CONVERSION = YES;
				CLANG_WARN_OBJC_IMPLICIT_RETAIN_SELF = YES;
				CLANG_WARN_OBJC_LITERAL_CONVERSION = YES;
				CLANG_WARN_OBJC_ROOT_CLASS = YES_ERROR;
				CLANG_WARN_RANGE_LOOP_ANALYSIS = YES;
				CLANG_WARN_STRICT_PROTOTYPES = YES;
				CLANG_WARN_SUSPICIOUS_MOVE = YES;
				CLANG_WARN_UNGUARDED_AVAILABILITY = YES_AGGRESSIVE;
				CLANG_WARN_UNREACHABLE_CODE = YES;
				CLANG_WARN__DUPLICATE_METHOD_MATCH = YES;
				CODE_SIGN_IDENTITY = "iPhone Developer";
				COPY_PHASE_STRIP = NO;
				DEBUG_INFORMATION_FORMAT = "dwarf-with-dsym";
				ENABLE_NS_ASSERTIONS = NO;
				ENABLE_STRICT_OBJC_MSGSEND = YES;
				GCC_C_LANGUAGE_STANDARD = gnu11;
				GCC_NO_COMMON_BLOCKS = YES;
				GCC_WARN_64_TO_32_BIT_CONVERSION = YES;
				GCC_WARN_ABOUT_RETURN_TYPE = YES_ERROR;
				GCC_WARN_UNDECLARED_SELECTOR = YES;
				GCC_WARN_UNINITIALIZED_AUTOS = YES_AGGRESSIVE;
				GCC_WARN_UNUSED_FUNCTION = YES;
				GCC_WARN_UNUSED_VARIABLE = YES;
				IPHONEOS_DEPLOYMENT_TARGET = 12.1;
				MTL_ENABLE_DEBUG_INFO = NO;
				MTL_FAST_MATH = YES;
				SDKROOT = iphoneos;
				SWIFT_COMPILATION_MODE = wholemodule;
				SWIFT_OPTIMIZATION_LEVEL = "-O";
				VALIDATE_PRODUCT = YES;
			};
			name = Release;
		};
		013F8A8F2838AAB900116D93 /* Debug */ = {
			isa = XCBuildConfiguration;
			buildSettings = {
				ASSETCATALOG_COMPILER_APPICON_NAME = AppIcon;
				CODE_SIGN_STYLE = Automatic;
				INFOPLIST_FILE = ScifferiOS_app/Info.plist;
				LD_RUNPATH_SEARCH_PATHS = (
					"$(inherited)",
					"@executable_path/Frameworks",
				);
				PRODUCT_BUNDLE_IDENTIFIER = "com.felix.ScifferiOS-app";
				PRODUCT_NAME = "$(TARGET_NAME)";
				SWIFT_VERSION = 4.2;
				TARGETED_DEVICE_FAMILY = "1,2";
			};
			name = Debug;
		};
		013F8A902838AAB900116D93 /* Release */ = {
			isa = XCBuildConfiguration;
			buildSettings = {
				ASSETCATALOG_COMPILER_APPICON_NAME = AppIcon;
				CODE_SIGN_STYLE = Automatic;
				INFOPLIST_FILE = ScifferiOS_app/Info.plist;
				LD_RUNPATH_SEARCH_PATHS = (
					"$(inherited)",
					"@executable_path/Frameworks",
				);
				PRODUCT_BUNDLE_IDENTIFIER = "com.felix.ScifferiOS-app";
				PRODUCT_NAME = "$(TARGET_NAME)";
				SWIFT_VERSION = 4.2;
				TARGETED_DEVICE_FAMILY = "1,2";
			};
			name = Release;
		};
/* End XCBuildConfiguration section */

/* Begin XCConfigurationList section */
		013F8A742838AAA200116D93 /* Build configuration list for PBXProject "ScifferiOS_app" */ = {
			isa = XCConfigurationList;
			buildConfigurations = (
				013F8A8C2838AAB900116D93 /* Debug */,
				013F8A8D2838AAB900116D93 /* Release */,
			);
			defaultConfigurationIsVisible = 0;
			defaultConfigurationName = Release;
		};
		013F8A8E2838AAB900116D93 /* Build configuration list for PBXNativeTarget "ScifferiOS_app" */ = {
			isa = XCConfigurationList;
			buildConfigurations = (
				013F8A8F2838AAB900116D93 /* Debug */,
				013F8A902838AAB900116D93 /* Release */,
			);
			defaultConfigurationIsVisible = 0;
			defaultConfigurationName = Release;
		};
/* End XCConfigurationList section */

/* Begin XCVersionGroup section */
		013F8A832838AAA400116D93 /* ScifferiOS_app.xcdatamodeld */ = {
			isa = XCVersionGroup;
			children = (
				013F8A842838AAA400116D93 /* ScifferiOS_app.xcdatamodel */,
			);
			currentVersion = 013F8A842838AAA400116D93 /* ScifferiOS_app.xcdatamodel */;
			path = ScifferiOS_app.xcdatamodeld;
			sourceTree = "<group>";
			versionGroupType = wrapper.xcdatamodel;
		};
/* End XCVersionGroup section */
	};
	rootObject = 013F8A712838AAA200116D93 /* Project object */;
}
